
Microsoft Visual Studio Solution File, Format Version 12.00
# Visual Studio Version 17
VisualStudioVersion = 17.0.31919.166
MinimumVisualStudioVersion = 10.0.40219.1
Project("{FAE04EC0-301F-11D3-BF4B-00C04F79EFBC}") = "CookingRecipes", "CookingRecipes.csproj", "{8B5209C4-2694-4EA6-B905-EFF49931F9EC}"
EndProject
Global
	GlobalSection(SolutionConfigurationPlatforms) = preSolution
		Debug|Any CPU = Debug|Any CPU
		Release|Any CPU = Release|Any CPU
	EndGlobalSection
	GlobalSection(ProjectConfigurationPlatforms) = postSolution
		{8B5209C4-2694-4EA6-B905-EFF49931F9EC}.Debug|Any CPU.ActiveCfg = Debug|Any CPU
		{8B5209C4-2694-4EA6-B905-EFF49931F9EC}.Debug|Any CPU.Build.0 = Debug|Any CPU
		{8B5209C4-2694-4EA6-B905-EFF49931F9EC}.Release|Any CPU.ActiveCfg = Release|Any CPU
		{8B5209C4-2694-4EA6-B905-EFF49931F9EC}.Release|Any CPU.Build.0 = Release|Any CPU
	EndGlobalSection
	GlobalSection(SolutionProperties) = preSolution
		HideSolutionNode = FALSE
	EndGlobalSection
	GlobalSection(ExtensibilityGlobals) = postSolution
		SolutionGuid = {3D547888-EEBD-4E0E-97D7-55156F5D971F}
	EndGlobalSection
EndGlobal
